
Microsoft Visual Studio Solution File, Format Version 12.00
Project("{2150E333-8FDC-42A3-9474-1A3956D46DE8}") = "Common", "Common", "{C415044E-1A98-4F37-A179-63A59D47AF28}"
EndProject
Project("{FAE04EC0-301F-11D3-BF4B-00C04F79EFBC}") = "Common.Application", "Common.Application\Common.Application.csproj", "{A13DE900-CF49-4816-903C-576F46686A32}"
EndProject
Project("{FAE04EC0-301F-11D3-BF4B-00C04F79EFBC}") = "Common.Domain", "Common.Domain\Common.Domain.csproj", "{2F2EC43E-1E96-498F-A917-2D1C32EF4BCB}"
EndProject
Project("{2150E333-8FDC-42A3-9474-1A3956D46DE8}") = "Doctors", "Doctors", "{60CE0F9D-15CC-4F7B-81AC-AB7A22BCB2E0}"
EndProject
Project("{FAE04EC0-301F-11D3-BF4B-00C04F79EFBC}") = "Doctors.Application", "Doctors.Application\Doctors.Application.csproj", "{320529BD-B2F4-4884-BAD0-980F0E4ABAB7}"
EndProject
Project("{FAE04EC0-301F-11D3-BF4B-00C04F79EFBC}") = "Doctors.Infrastructure", "Doctors.Infrastructure\Doctors.Infrastructure.csproj", "{E529770A-B475-41BB-9429-E269A6467901}"
EndProject
Project("{FAE04EC0-301F-11D3-BF4B-00C04F79EFBC}") = "Doctors.Domain", "Doctors.Domain\Doctors.Domain.csproj", "{9A1B3405-6537-44F5-9409-5B92F97659D1}"
EndProject
Project("{FAE04EC0-301F-11D3-BF4B-00C04F79EFBC}") = "Doctors.Shared", "Doctors.Shared\Doctors.Shared.csproj", "{3151D595-6DAD-46BF-98E9-920D96BCCD88}"
EndProject
Project("{FAE04EC0-301F-11D3-BF4B-00C04F79EFBC}") = "Doctors.WebAPI", "Doctors.WebAPI\Doctors.WebAPI.csproj", "{9706CC25-4226-4E3A-94DD-40303C82AFBD}"
EndProject
Project("{FAE04EC0-301F-11D3-BF4B-00C04F79EFBC}") = "Startup", "Startup\Startup.csproj", "{B72FF9BB-6E74-40AD-A983-1FD36CE9AE48}"
EndProject
Project("{2150E333-8FDC-42A3-9474-1A3956D46DE8}") = "Solution Items", "Solution Items", "{CB08BE74-B82E-4B78-8C04-B33F5362FADB}"
	ProjectSection(SolutionItems) = preProject
		compose.yaml = compose.yaml
	EndProjectSection
EndProject
Global
	GlobalSection(SolutionConfigurationPlatforms) = preSolution
		Debug|Any CPU = Debug|Any CPU
		Release|Any CPU = Release|Any CPU
	EndGlobalSection
	GlobalSection(ProjectConfigurationPlatforms) = postSolution
		{A13DE900-CF49-4816-903C-576F46686A32}.Debug|Any CPU.ActiveCfg = Debug|Any CPU
		{A13DE900-CF49-4816-903C-576F46686A32}.Debug|Any CPU.Build.0 = Debug|Any CPU
		{A13DE900-CF49-4816-903C-576F46686A32}.Release|Any CPU.ActiveCfg = Release|Any CPU
		{A13DE900-CF49-4816-903C-576F46686A32}.Release|Any CPU.Build.0 = Release|Any CPU
		{2F2EC43E-1E96-498F-A917-2D1C32EF4BCB}.Debug|Any CPU.ActiveCfg = Debug|Any CPU
		{2F2EC43E-1E96-498F-A917-2D1C32EF4BCB}.Debug|Any CPU.Build.0 = Debug|Any CPU
		{2F2EC43E-1E96-498F-A917-2D1C32EF4BCB}.Release|Any CPU.ActiveCfg = Release|Any CPU
		{2F2EC43E-1E96-498F-A917-2D1C32EF4BCB}.Release|Any CPU.Build.0 = Release|Any CPU
		{320529BD-B2F4-4884-BAD0-980F0E4ABAB7}.Debug|Any CPU.ActiveCfg = Debug|Any CPU
		{320529BD-B2F4-4884-BAD0-980F0E4ABAB7}.Debug|Any CPU.Build.0 = Debug|Any CPU
		{320529BD-B2F4-4884-BAD0-980F0E4ABAB7}.Release|Any CPU.ActiveCfg = Release|Any CPU
		{320529BD-B2F4-4884-BAD0-980F0E4ABAB7}.Release|Any CPU.Build.0 = Release|Any CPU
		{E529770A-B475-41BB-9429-E269A6467901}.Debug|Any CPU.ActiveCfg = Debug|Any CPU
		{E529770A-B475-41BB-9429-E269A6467901}.Debug|Any CPU.Build.0 = Debug|Any CPU
		{E529770A-B475-41BB-9429-E269A6467901}.Release|Any CPU.ActiveCfg = Release|Any CPU
		{E529770A-B475-41BB-9429-E269A6467901}.Release|Any CPU.Build.0 = Release|Any CPU
		{9A1B3405-6537-44F5-9409-5B92F97659D1}.Debug|Any CPU.ActiveCfg = Debug|Any CPU
		{9A1B3405-6537-44F5-9409-5B92F97659D1}.Debug|Any CPU.Build.0 = Debug|Any CPU
		{9A1B3405-6537-44F5-9409-5B92F97659D1}.Release|Any CPU.ActiveCfg = Release|Any CPU
		{9A1B3405-6537-44F5-9409-5B92F97659D1}.Release|Any CPU.Build.0 = Release|Any CPU
		{3151D595-6DAD-46BF-98E9-920D96BCCD88}.Debug|Any CPU.ActiveCfg = Debug|Any CPU
		{3151D595-6DAD-46BF-98E9-920D96BCCD88}.Debug|Any CPU.Build.0 = Debug|Any CPU
		{3151D595-6DAD-46BF-98E9-920D96BCCD88}.Release|Any CPU.ActiveCfg = Release|Any CPU
		{3151D595-6DAD-46BF-98E9-920D96BCCD88}.Release|Any CPU.Build.0 = Release|Any CPU
		{9706CC25-4226-4E3A-94DD-40303C82AFBD}.Debug|Any CPU.ActiveCfg = Debug|Any CPU
		{9706CC25-4226-4E3A-94DD-40303C82AFBD}.Debug|Any CPU.Build.0 = Debug|Any CPU
		{9706CC25-4226-4E3A-94DD-40303C82AFBD}.Release|Any CPU.ActiveCfg = Release|Any CPU
		{9706CC25-4226-4E3A-94DD-40303C82AFBD}.Release|Any CPU.Build.0 = Release|Any CPU
		{B72FF9BB-6E74-40AD-A983-1FD36CE9AE48}.Debug|Any CPU.ActiveCfg = Debug|Any CPU
		{B72FF9BB-6E74-40AD-A983-1FD36CE9AE48}.Debug|Any CPU.Build.0 = Debug|Any CPU
		{B72FF9BB-6E74-40AD-A983-1FD36CE9AE48}.Release|Any CPU.ActiveCfg = Release|Any CPU
		{B72FF9BB-6E74-40AD-A983-1FD36CE9AE48}.Release|Any CPU.Build.0 = Release|Any CPU
	EndGlobalSection
	GlobalSection(NestedProjects) = preSolution
		{A13DE900-CF49-4816-903C-576F46686A32} = {C415044E-1A98-4F37-A179-63A59D47AF28}
		{2F2EC43E-1E96-498F-A917-2D1C32EF4BCB} = {C415044E-1A98-4F37-A179-63A59D47AF28}
		{320529BD-B2F4-4884-BAD0-980F0E4ABAB7} = {60CE0F9D-15CC-4F7B-81AC-AB7A22BCB2E0}
		{E529770A-B475-41BB-9429-E269A6467901} = {60CE0F9D-15CC-4F7B-81AC-AB7A22BCB2E0}
		{9A1B3405-6537-44F5-9409-5B92F97659D1} = {60CE0F9D-15CC-4F7B-81AC-AB7A22BCB2E0}
		{3151D595-6DAD-46BF-98E9-920D96BCCD88} = {60CE0F9D-15CC-4F7B-81AC-AB7A22BCB2E0}
		{9706CC25-4226-4E3A-94DD-40303C82AFBD} = {60CE0F9D-15CC-4F7B-81AC-AB7A22BCB2E0}
	EndGlobalSection
EndGlobal
